
Microsoft Visual Studio Solution File, Format Version 12.00
# Visual Studio Version 17
VisualStudioVersion = 17.2.32616.157
MinimumVisualStudioVersion = 10.0.40219.1
Project("{FAE04EC0-301F-11D3-BF4B-00C04F79EFBC}") = "eTicket", "eTicket\eTicket.csproj", "{CE108E38-35FF-4678-9A56-B2EBDDD1E8DE}"
EndProject
Global
	GlobalSection(SolutionConfigurationPlatforms) = preSolution
		Debug|Any CPU = Debug|Any CPU
		Release|Any CPU = Release|Any CPU
	EndGlobalSection
	GlobalSection(ProjectConfigurationPlatforms) = postSolution
		{CE108E38-35FF-4678-9A56-B2EBDDD1E8DE}.Debug|Any CPU.ActiveCfg = Debug|Any CPU
		{CE108E38-35FF-4678-9A56-B2EBDDD1E8DE}.Debug|Any CPU.Build.0 = Debug|Any CPU
		{CE108E38-35FF-4678-9A56-B2EBDDD1E8DE}.Release|Any CPU.ActiveCfg = Release|Any CPU
		{CE108E38-35FF-4678-9A56-B2EBDDD1E8DE}.Release|Any CPU.Build.0 = Release|Any CPU
	EndGlobalSection
	GlobalSection(SolutionProperties) = preSolution
		HideSolutionNode = FALSE
	EndGlobalSection
	GlobalSection(ExtensibilityGlobals) = postSolution
		SolutionGuid = {7DDDF75F-BC4D-477F-BAC9-9F30FD66E0A8}
	EndGlobalSection
EndGlobal
